{
  "requires": true,
  "lockfileVersion": 1,
  "dependencies": {
    "commander": {
      "version": "2.13.0",
      "resolved": "https://registry.npmjs.org/commander/-/commander-2.13.0.tgz",
      "integrity": "sha512-MVuS359B+YzaWqjCL/c+22gfryv+mCBPHAv3zyVI2GN8EY6IRP8VwtasXn8jyyhvvq84R4ImN1OKRtcbIasjYA=="
    },
    "html-partials-compiler": {
      "version": "1.0.7",
      "resolved": "https://registry.npmjs.org/html-partials-compiler/-/html-partials-compiler-1.0.7.tgz",
      "integrity": "sha1-LxDu0c7dw+NiYu1ec8Ij5fsxOuI=",
      "requires": {
        "commander": "2.13.0"
      }
    }
  }
}
